
Microsoft Visual Studio Solution File, Format Version 12.00
# Visual Studio Version 17
VisualStudioVersion = 17.7.34018.315
MinimumVisualStudioVersion = 10.0.40219.1
Project("{9A19103F-16F7-4668-BE54-9A1E7A4F7556}") = "MinimalApi", "MinimalApi\MinimalApi.csproj", "{148D24E6-BF20-4B5F-B872-5B4FB54BDFF6}"
EndProject
Project("{00D1A9C2-B5F0-4AF3-8072-F6C62B433612}") = "PersonDb", "PersonDb\PersonDb.sqlproj", "{C569B4C5-9B5B-4089-BAE6-336ADF805633}"
EndProject
Project("{FAE04EC0-301F-11D3-BF4B-00C04F79EFBC}") = "DataAccessLibrary", "DataAccessLibrary\DataAccessLibrary.csproj", "{E4149214-D7B2-4F98-9B70-8CFB110F3EBC}"
EndProject
Global
	GlobalSection(SolutionConfigurationPlatforms) = preSolution
		Debug|Any CPU = Debug|Any CPU
		Release|Any CPU = Release|Any CPU
	EndGlobalSection
	GlobalSection(ProjectConfigurationPlatforms) = postSolution
		{148D24E6-BF20-4B5F-B872-5B4FB54BDFF6}.Debug|Any CPU.ActiveCfg = Debug|Any CPU
		{148D24E6-BF20-4B5F-B872-5B4FB54BDFF6}.Debug|Any CPU.Build.0 = Debug|Any CPU
		{148D24E6-BF20-4B5F-B872-5B4FB54BDFF6}.Release|Any CPU.ActiveCfg = Release|Any CPU
		{148D24E6-BF20-4B5F-B872-5B4FB54BDFF6}.Release|Any CPU.Build.0 = Release|Any CPU
		{C569B4C5-9B5B-4089-BAE6-336ADF805633}.Debug|Any CPU.ActiveCfg = Debug|Any CPU
		{C569B4C5-9B5B-4089-BAE6-336ADF805633}.Debug|Any CPU.Build.0 = Debug|Any CPU
		{C569B4C5-9B5B-4089-BAE6-336ADF805633}.Debug|Any CPU.Deploy.0 = Debug|Any CPU
		{C569B4C5-9B5B-4089-BAE6-336ADF805633}.Release|Any CPU.ActiveCfg = Release|Any CPU
		{C569B4C5-9B5B-4089-BAE6-336ADF805633}.Release|Any CPU.Build.0 = Release|Any CPU
		{C569B4C5-9B5B-4089-BAE6-336ADF805633}.Release|Any CPU.Deploy.0 = Release|Any CPU
		{E4149214-D7B2-4F98-9B70-8CFB110F3EBC}.Debug|Any CPU.ActiveCfg = Debug|Any CPU
		{E4149214-D7B2-4F98-9B70-8CFB110F3EBC}.Debug|Any CPU.Build.0 = Debug|Any CPU
		{E4149214-D7B2-4F98-9B70-8CFB110F3EBC}.Release|Any CPU.ActiveCfg = Release|Any CPU
		{E4149214-D7B2-4F98-9B70-8CFB110F3EBC}.Release|Any CPU.Build.0 = Release|Any CPU
	EndGlobalSection
	GlobalSection(SolutionProperties) = preSolution
		HideSolutionNode = FALSE
	EndGlobalSection
	GlobalSection(ExtensibilityGlobals) = postSolution
		SolutionGuid = {4CEEA9C6-653C-4BA0-A617-392A5457C4AC}
	EndGlobalSection
EndGlobal
